{
  "name": "scripts",
  "version": "0.0.1",
  "lockfileVersion": 3,
  "requires": true,
  "packages": {
    "": {
      "name": "scripts",
      "version": "0.0.1",
      "license": "ISC",
      "dependencies": {
        "iso-did": "^1.5.0",
        "iso-signatures": "^0.3.0"
      }
    },
    "node_modules/@noble/ed25519": {
      "version": "2.0.0",
      "resolved": "https://registry.npmjs.org/@noble/ed25519/-/ed25519-2.0.0.tgz",
      "integrity": "sha512-/extjhkwFupyopDrt80OMWKdLgP429qLZj+z6sYJz90rF2Iz0gjZh2ArMKPImUl13Kx+0EXI2hN9T/KJV0/Zng==",
      "funding": [
        {
          "type": "individual",
          "url": "https://paulmillr.com/funding/"
        }
      ]
    },
    "node_modules/@types/retry": {
      "version": "0.12.2",
      "resolved": "https://registry.npmjs.org/@types/retry/-/retry-0.12.2.tgz",
      "integrity": "sha512-XISRgDJ2Tc5q4TRqvgJtzsRkFYNJzZrhTdtMoGVBttwzzQJkPnS3WWTFc7kuDRoPtPakl+T+OfdEUjYJj7Jbow=="
    },
    "node_modules/base-x": {
      "version": "4.0.0",
      "resolved": "https://registry.npmjs.org/base-x/-/base-x-4.0.0.tgz",
      "integrity": "sha512-FuwxlW4H5kh37X/oW59pwTzzTKRzfrrQwhmyspRM7swOEZcHtDZSCt45U6oKgtuFE+WYPblePMVIPR4RZrh/hw=="
    },
    "node_modules/bigint-mod-arith": {
      "version": "3.3.1",
      "resolved": "https://registry.npmjs.org/bigint-mod-arith/-/bigint-mod-arith-3.3.1.tgz",
      "integrity": "sha512-pX/cYW3dCa87Jrzv6DAr8ivbbJRzEX5yGhdt8IutnX/PCIXfpx+mabWNK/M8qqh+zQ0J3thftUBHW0ByuUlG0w==",
      "engines": {
        "node": ">=10.4.0"
      }
    },
    "node_modules/did-resolver": {
      "version": "4.1.0",
      "resolved": "https://registry.npmjs.org/did-resolver/-/did-resolver-4.1.0.tgz",
      "integrity": "sha512-S6fWHvCXkZg2IhS4RcVHxwuyVejPR7c+a4Go0xbQ9ps5kILa8viiYQgrM4gfTyeTjJ0ekgJH9gk/BawTpmkbZA=="
    },
    "node_modules/idb-keyval": {
      "version": "6.2.1",
      "resolved": "https://registry.npmjs.org/idb-keyval/-/idb-keyval-6.2.1.tgz",
      "integrity": "sha512-8Sb3veuYCyrZL+VBt9LJfZjLUPWVvqn8tG28VqYNFCo43KHcKuq+b4EiXGeuaLAQWL2YmyDgMp2aSpH9JHsEQg=="
    },
    "node_modules/is-network-error": {
      "version": "1.0.1",
      "resolved": "https://registry.npmjs.org/is-network-error/-/is-network-error-1.0.1.tgz",
      "integrity": "sha512-OwQXkwBJeESyhFw+OumbJVD58BFBJJI5OM5S1+eyrDKlgDZPX2XNT5gXS56GSD3NPbbwUuMlR1Q71SRp5SobuQ==",
      "engines": {
        "node": ">=16"
      },
      "funding": {
        "url": "https://github.com/sponsors/sindresorhus"
      }
    },
    "node_modules/iso-base": {
      "version": "2.0.1",
      "resolved": "https://registry.npmjs.org/iso-base/-/iso-base-2.0.1.tgz",
      "integrity": "sha512-ip0nUW9oZP+LG6mslSgdJPt9NWZOq1qIOKpoUIdm8sq/87VwY8WZXw9ptCkhdJclY+r4feFbZuu9P/OFDqCvkQ==",
      "dependencies": {
        "base-x": "^4.0.0",
        "bigint-mod-arith": "^3.3.1"
      }
    },
    "node_modules/iso-did": {
      "version": "1.5.0",
      "resolved": "https://registry.npmjs.org/iso-did/-/iso-did-1.5.0.tgz",
      "integrity": "sha512-SkMUONxelLV5yipdNaGUqe/1KiKu/pVTBJ46/HbwLtzm6IC2YuJ8E9w7DpwZsnh0G2AlJ+J7i/8ijcZCOp8DWw==",
      "dependencies": {
        "did-resolver": "^4.1.0",
        "iso-base": "^2.0.1",
        "iso-web": "^0.3.1",
        "multiformats": "^13.0.0"
      }
    },
    "node_modules/iso-kv": {
      "version": "0.2.0",
      "resolved": "https://registry.npmjs.org/iso-kv/-/iso-kv-0.2.0.tgz",
      "integrity": "sha512-n4q64QQO6GPZSeJsTPsU6jHijyDgMb18RCcQ5t065S3p1ddktF1B8tlLhqbcIDqC8ORl77fs7KgTMJDvrccQ9w==",
      "dependencies": {
        "idb-keyval": "^6.2.1",
        "kysely": "^0.26.3"
      }
    },
    "node_modules/iso-signatures": {
      "version": "0.3.0",
      "resolved": "https://registry.npmjs.org/iso-signatures/-/iso-signatures-0.3.0.tgz",
      "integrity": "sha512-UNrJZq5+tvESljGzLaGKC7b3wAJwLlu6Hfoi1D1ZW4J1+jv4P0EY6cdYIsxvYZCh/8AxVRVy1LORAOEBdQW6uw==",
      "dependencies": {
        "@noble/ed25519": "^2.0.0",
        "iso-base": "^2.0.1",
        "iso-did": "^1.5.0"
      }
    },
    "node_modules/iso-web": {
      "version": "0.3.3",
      "resolved": "https://registry.npmjs.org/iso-web/-/iso-web-0.3.3.tgz",
      "integrity": "sha512-c6ZTwujUMG52/oiPE6jgFpu6t5DpxKjta/oRYo75hgJ1nZGnZ7U7DVADtgpAwmnm54/33TQ4XyAqCRT3i2NV2Q==",
      "dependencies": {
        "iso-kv": "^0.2.0",
        "p-retry": "^6.2.0"
      }
    },
    "node_modules/kysely": {
      "version": "0.26.3",
      "resolved": "https://registry.npmjs.org/kysely/-/kysely-0.26.3.tgz",
      "integrity": "sha512-yWSgGi9bY13b/W06DD2OCDDHQmq1kwTGYlQ4wpZkMOJqMGCstVCFIvxCCVG4KfY1/3G0MhDAcZsip/Lw8/vJWw==",
      "engines": {
        "node": ">=14.0.0"
      }
    },
    "node_modules/multiformats": {
      "version": "13.0.1",
      "resolved": "https://registry.npmjs.org/multiformats/-/multiformats-13.0.1.tgz",
      "integrity": "sha512-bt3R5iXe2O8xpp3wkmQhC73b/lC4S2ihU8Dndwcsysqbydqb8N+bpP116qMcClZ17g58iSIwtXUTcg2zT4sniA=="
    },
    "node_modules/p-retry": {
      "version": "6.2.0",
      "resolved": "https://registry.npmjs.org/p-retry/-/p-retry-6.2.0.tgz",
      "integrity": "sha512-JA6nkq6hKyWLLasXQXUrO4z8BUZGUt/LjlJxx8Gb2+2ntodU/SS63YZ8b0LUTbQ8ZB9iwOfhEPhg4ykKnn2KsA==",
      "dependencies": {
        "@types/retry": "0.12.2",
        "is-network-error": "^1.0.0",
        "retry": "^0.13.1"
      },
      "engines": {
        "node": ">=16.17"
      },
      "funding": {
        "url": "https://github.com/sponsors/sindresorhus"
      }
    },
    "node_modules/retry": {
      "version": "0.13.1",
      "resolved": "https://registry.npmjs.org/retry/-/retry-0.13.1.tgz",
      "integrity": "sha512-XQBQ3I8W1Cge0Seh+6gjj03LbmRFWuoszgK9ooCpwYIrhhoO80pfq4cUkU5DkknwfOfFteRwlZ56PYOGYyFWdg==",
      "engines": {
        "node": ">= 4"
      }
    }
  }
}
